
Microsoft Visual Studio Solution File, Format Version 12.00
# Visual Studio 15
Project("{FAE04EC0-301F-11D3-BF4B-00C04F79EFBC}") = "UnityEditor.UI", "UnityEditor.UI.csproj", "{34D4A2D5-A897-D3BF-3803-4B9E62E7B254}"
EndProject
Project("{FAE04EC0-301F-11D3-BF4B-00C04F79EFBC}") = "UnityEngine.UI", "UnityEngine.UI.csproj", "{4C163494-7EC1-2C6D-3ED5-3D4EB6DD80FB}"
EndProject
Project("{FAE04EC0-301F-11D3-BF4B-00C04F79EFBC}") = "Assembly-CSharp", "Assembly-CSharp.csproj", "{4CD48DBB-695F-F089-D9A4-291F993C8873}"
EndProject
Global
	GlobalSection(SolutionConfigurationPlatforms) = preSolution
		Debug|Any CPU = Debug|Any CPU
		Release|Any CPU = Release|Any CPU
	EndGlobalSection
	GlobalSection(ProjectConfigurationPlatforms) = postSolution
		{34D4A2D5-A897-D3BF-3803-4B9E62E7B254}.Debug|Any CPU.ActiveCfg = Debug|Any CPU
		{34D4A2D5-A897-D3BF-3803-4B9E62E7B254}.Debug|Any CPU.Build.0 = Debug|Any CPU
		{34D4A2D5-A897-D3BF-3803-4B9E62E7B254}.Release|Any CPU.ActiveCfg = Release|Any CPU
		{34D4A2D5-A897-D3BF-3803-4B9E62E7B254}.Release|Any CPU.Build.0 = Release|Any CPU
		{4C163494-7EC1-2C6D-3ED5-3D4EB6DD80FB}.Debug|Any CPU.ActiveCfg = Debug|Any CPU
		{4C163494-7EC1-2C6D-3ED5-3D4EB6DD80FB}.Debug|Any CPU.Build.0 = Debug|Any CPU
		{4C163494-7EC1-2C6D-3ED5-3D4EB6DD80FB}.Release|Any CPU.ActiveCfg = Release|Any CPU
		{4C163494-7EC1-2C6D-3ED5-3D4EB6DD80FB}.Release|Any CPU.Build.0 = Release|Any CPU
		{4CD48DBB-695F-F089-D9A4-291F993C8873}.Debug|Any CPU.ActiveCfg = Debug|Any CPU
		{4CD48DBB-695F-F089-D9A4-291F993C8873}.Debug|Any CPU.Build.0 = Debug|Any CPU
		{4CD48DBB-695F-F089-D9A4-291F993C8873}.Release|Any CPU.ActiveCfg = Release|Any CPU
		{4CD48DBB-695F-F089-D9A4-291F993C8873}.Release|Any CPU.Build.0 = Release|Any CPU
	EndGlobalSection
	GlobalSection(SolutionProperties) = preSolution
		HideSolutionNode = FALSE
	EndGlobalSection
EndGlobal
